// !$*UTF8*$!
{
	archiveVersion = 1;
	classes = {
	};
	objectVersion = 55;
	objects = {

/* Begin PBXBuildFile section */
		1B924D13274E35EE0063D3A3 /* AppDelegate.swift in Sources */ = {isa = PBXBuildFile; fileRef = 1B924D12274E35EE0063D3A3 /* AppDelegate.swift */; };
		1B924D15274E35EE0063D3A3 /* SceneDelegate.swift in Sources */ = {isa = PBXBuildFile; fileRef = 1B924D14274E35EE0063D3A3 /* SceneDelegate.swift */; };
		1B924D17274E35EE0063D3A3 /* AnimationViewController.swift in Sources */ = {isa = PBXBuildFile; fileRef = 1B924D16274E35EE0063D3A3 /* AnimationViewController.swift */; };
		1B924D1A274E35EE0063D3A3 /* Main.storyboard in Resources */ = {isa = PBXBuildFile; fileRef = 1B924D18274E35EE0063D3A3 /* Main.storyboard */; };
		1B924D1C274E35EF0063D3A3 /* Assets.xcassets in Resources */ = {isa = PBXBuildFile; fileRef = 1B924D1B274E35EF0063D3A3 /* Assets.xcassets */; };
		1B924D1F274E35EF0063D3A3 /* LaunchScreen.storyboard in Resources */ = {isa = PBXBuildFile; fileRef = 1B924D1D274E35EF0063D3A3 /* LaunchScreen.storyboard */; };
		1B924D32274E44060063D3A3 /* AnimationModel.swift in Sources */ = {isa = PBXBuildFile; fileRef = 1B924D31274E44060063D3A3 /* AnimationModel.swift */; };
		34889BD00656206D8D2C5123 /* Pods_Task_2_9_1.framework in Frameworks */ = {isa = PBXBuildFile; fileRef = DF920B0AA2C2D634328B6FC0 /* Pods_Task_2_9_1.framework */; };
/* End PBXBuildFile section */

/* Begin PBXFileReference section */
		1B924D0F274E35EE0063D3A3 /* Task_2.9.1.app */ = {isa = PBXFileReference; explicitFileType = wrapper.application; includeInIndex = 0; path = Task_2.9.1.app; sourceTree = BUILT_PRODUCTS_DIR; };
		1B924D12274E35EE0063D3A3 /* AppDelegate.swift */ = {isa = PBXFileReference; lastKnownFileType = sourcecode.swift; path = AppDelegate.swift; sourceTree = "<group>"; };
		1B924D14274E35EE0063D3A3 /* SceneDelegate.swift */ = {isa = PBXFileReference; lastKnownFileType = sourcecode.swift; path = SceneDelegate.swift; sourceTree = "<group>"; };
		1B924D16274E35EE0063D3A3 /* AnimationViewController.swift */ = {isa = PBXFileReference; lastKnownFileType = sourcecode.swift; path = AnimationViewController.swift; sourceTree = "<group>"; };
		1B924D19274E35EE0063D3A3 /* Base */ = {isa = PBXFileReference; lastKnownFileType = file.storyboard; name = Base; path = Base.lproj/Main.storyboard; sourceTree = "<group>"; };
		1B924D1B274E35EF0063D3A3 /* Assets.xcassets */ = {isa = PBXFileReference; lastKnownFileType = folder.assetcatalog; path = Assets.xcassets; sourceTree = "<group>"; };
		1B924D1E274E35EF0063D3A3 /* Base */ = {isa = PBXFileReference; lastKnownFileType = file.storyboard; name = Base; path = Base.lproj/LaunchScreen.storyboard; sourceTree = "<group>"; };
		1B924D20274E35EF0063D3A3 /* Info.plist */ = {isa = PBXFileReference; lastKnownFileType = text.plist.xml; path = Info.plist; sourceTree = "<group>"; };
		1B924D31274E44060063D3A3 /* AnimationModel.swift */ = {isa = PBXFileReference; lastKnownFileType = sourcecode.swift; path = AnimationModel.swift; sourceTree = "<group>"; };
		5526DD49E6452E4F28C82CCD /* Pods-Task_2.9.1.release.xcconfig */ = {isa = PBXFileReference; includeInIndex = 1; lastKnownFileType = text.xcconfig; name = "Pods-Task_2.9.1.release.xcconfig"; path = "Target Support Files/Pods-Task_2.9.1/Pods-Task_2.9.1.release.xcconfig"; sourceTree = "<group>"; };
		DF920B0AA2C2D634328B6FC0 /* Pods_Task_2_9_1.framework */ = {isa = PBXFileReference; explicitFileType = wrapper.framework; includeInIndex = 0; path = Pods_Task_2_9_1.framework; sourceTree = BUILT_PRODUCTS_DIR; };
		E4F570185D999BA76E155564 /* Pods-Task_2.9.1.debug.xcconfig */ = {isa = PBXFileReference; includeInIndex = 1; lastKnownFileType = text.xcconfig; name = "Pods-Task_2.9.1.debug.xcconfig"; path = "Target Support Files/Pods-Task_2.9.1/Pods-Task_2.9.1.debug.xcconfig"; sourceTree = "<group>"; };
/* End PBXFileReference section */

/* Begin PBXFrameworksBuildPhase section */
		1B924D0C274E35EE0063D3A3 /* Frameworks */ = {
			isa = PBXFrameworksBuildPhase;
			buildActionMask = 2147483647;
			files = (
				34889BD00656206D8D2C5123 /* Pods_Task_2_9_1.framework in Frameworks */,
			);
			runOnlyForDeploymentPostprocessing = 0;
		};
/* End PBXFrameworksBuildPhase section */

/* Begin PBXGroup section */
		1B924D06274E35EE0063D3A3 = {
			isa = PBXGroup;
			children = (
				1B924D11274E35EE0063D3A3 /* Task_2.9.1 */,
				1B924D10274E35EE0063D3A3 /* Products */,
				620B53252011499F80F4F6A2 /* Pods */,
				7E63EB2678BDE7A988A28249 /* Frameworks */,
			);
			sourceTree = "<group>";
		};
		1B924D10274E35EE0063D3A3 /* Products */ = {
			isa = PBXGroup;
			children = (
				1B924D0F274E35EE0063D3A3 /* Task_2.9.1.app */,
			);
			name = Products;
			sourceTree = "<group>";
		};
		1B924D11274E35EE0063D3A3 /* Task_2.9.1 */ = {
			isa = PBXGroup;
			children = (
				1B924D2F274E43660063D3A3 /* ViewControllers */,
				1B924D33274E440A0063D3A3 /* Models */,
				1B924D30274E43EC0063D3A3 /* StoryBoards */,
				1B924D35274E443F0063D3A3 /* App */,
				1B924D34274E44280063D3A3 /* Resources */,
			);
			path = Task_2.9.1;
			sourceTree = "<group>";
		};
		1B924D2F274E43660063D3A3 /* ViewControllers */ = {
			isa = PBXGroup;
			children = (
				1B924D16274E35EE0063D3A3 /* AnimationViewController.swift */,
			);
			path = ViewControllers;
			sourceTree = "<group>";
		};
		1B924D30274E43EC0063D3A3 /* StoryBoards */ = {
			isa = PBXGroup;
			children = (
				1B924D18274E35EE0063D3A3 /* Main.storyboard */,
				1B924D1D274E35EF0063D3A3 /* LaunchScreen.storyboard */,
			);
			path = StoryBoards;
			sourceTree = "<group>";
		};
		1B924D33274E440A0063D3A3 /* Models */ = {
			isa = PBXGroup;
			children = (
				1B924D31274E44060063D3A3 /* AnimationModel.swift */,
			);
			path = Models;
			sourceTree = "<group>";
		};
		1B924D34274E44280063D3A3 /* Resources */ = {
			isa = PBXGroup;
			children = (
				1B924D1B274E35EF0063D3A3 /* Assets.xcassets */,
			);
			path = Resources;
			sourceTree = "<group>";
		};
		1B924D35274E443F0063D3A3 /* App */ = {
			isa = PBXGroup;
			children = (
				1B924D12274E35EE0063D3A3 /* AppDelegate.swift */,
				1B924D14274E35EE0063D3A3 /* SceneDelegate.swift */,
				1B924D20274E35EF0063D3A3 /* Info.plist */,
			);
			path = App;
			sourceTree = "<group>";
		};
		620B53252011499F80F4F6A2 /* Pods */ = {
			isa = PBXGroup;
			children = (
				E4F570185D999BA76E155564 /* Pods-Task_2.9.1.debug.xcconfig */,
				5526DD49E6452E4F28C82CCD /* Pods-Task_2.9.1.release.xcconfig */,
			);
			path = Pods;
			sourceTree = "<group>";
		};
		7E63EB2678BDE7A988A28249 /* Frameworks */ = {
			isa = PBXGroup;
			children = (
				DF920B0AA2C2D634328B6FC0 /* Pods_Task_2_9_1.framework */,
			);
			name = Frameworks;
			sourceTree = "<group>";
		};
/* End PBXGroup section */

/* Begin PBXNativeTarget section */
		1B924D0E274E35EE0063D3A3 /* Task_2.9.1 */ = {
			isa = PBXNativeTarget;
			buildConfigurationList = 1B924D23274E35EF0063D3A3 /* Build configuration list for PBXNativeTarget "Task_2.9.1" */;
			buildPhases = (
				1BF0D82BA55B73797EF6398A /* [CP] Check Pods Manifest.lock */,
				1B924D0B274E35EE0063D3A3 /* Sources */,
				1B924D0C274E35EE0063D3A3 /* Frameworks */,
				1B924D0D274E35EE0063D3A3 /* Resources */,
				C1FDEFB203C610380E620ED0 /* [CP] Embed Pods Frameworks */,
			);
			buildRules = (
			);
			dependencies = (
			);
			name = Task_2.9.1;
			productName = Task_2.9.1;
			productReference = 1B924D0F274E35EE0063D3A3 /* Task_2.9.1.app */;
			productType = "com.apple.product-type.application";
		};
/* End PBXNativeTarget section */

/* Begin PBXProject section */
		1B924D07274E35EE0063D3A3 /* Project object */ = {
			isa = PBXProject;
			attributes = {
				BuildIndependentTargetsInParallel = 1;
				LastSwiftUpdateCheck = 1310;
				LastUpgradeCheck = 1310;
				TargetAttributes = {
					1B924D0E274E35EE0063D3A3 = {
						CreatedOnToolsVersion = 13.1;
					};
				};
			};
			buildConfigurationList = 1B924D0A274E35EE0063D3A3 /* Build configuration list for PBXProject "Task_2.9.1" */;
			compatibilityVersion = "Xcode 13.0";
			developmentRegion = en;
			hasScannedForEncodings = 0;
			knownRegions = (
				en,
				Base,
			);
			mainGroup = 1B924D06274E35EE0063D3A3;
			productRefGroup = 1B924D10274E35EE0063D3A3 /* Products */;
			projectDirPath = "";
			projectRoot = "";
			targets = (
				1B924D0E274E35EE0063D3A3 /* Task_2.9.1 */,
			);
		};
/* End PBXProject section */

/* Begin PBXResourcesBuildPhase section */
		1B924D0D274E35EE0063D3A3 /* Resources */ = {
			isa = PBXResourcesBuildPhase;
			buildActionMask = 2147483647;
			files = (
				1B924D1F274E35EF0063D3A3 /* LaunchScreen.storyboard in Resources */,
				1B924D1C274E35EF0063D3A3 /* Assets.xcassets in Resources */,
				1B924D1A274E35EE0063D3A3 /* Main.storyboard in Resources */,
			);
			runOnlyForDeploymentPostprocessing = 0;
		};
/* End PBXResourcesBuildPhase section */

/* Begin PBXShellScriptBuildPhase section */
		1BF0D82BA55B73797EF6398A /* [CP] Check Pods Manifest.lock */ = {
			isa = PBXShellScriptBuildPhase;
			buildActionMask = 2147483647;
			files = (
			);
			inputFileListPaths = (
			);
			inputPaths = (
				"${PODS_PODFILE_DIR_PATH}/Podfile.lock",
				"${PODS_ROOT}/Manifest.lock",
			);
			name = "[CP] Check Pods Manifest.lock";
			outputFileListPaths = (
			);
			outputPaths = (
				"$(DERIVED_FILE_DIR)/Pods-Task_2.9.1-checkManifestLockResult.txt",
			);
			runOnlyForDeploymentPostprocessing = 0;
			shellPath = /bin/sh;
			shellScript = "diff \"${PODS_PODFILE_DIR_PATH}/Podfile.lock\" \"${PODS_ROOT}/Manifest.lock\" > /dev/null\nif [ $? != 0 ] ; then\n    # print error to STDERR\n    echo \"error: The sandbox is not in sync with the Podfile.lock. Run 'pod install' or update your CocoaPods installation.\" >&2\n    exit 1\nfi\n# This output is used by Xcode 'outputs' to avoid re-running this script phase.\necho \"SUCCESS\" > \"${SCRIPT_OUTPUT_FILE_0}\"\n";
			showEnvVarsInLog = 0;
		};
		C1FDEFB203C610380E620ED0 /* [CP] Embed Pods Frameworks */ = {
			isa = PBXShellScriptBuildPhase;
			buildActionMask = 2147483647;
			files = (
			);
			inputFileListPaths = (
				"${PODS_ROOT}/Target Support Files/Pods-Task_2.9.1/Pods-Task_2.9.1-frameworks-${CONFIGURATION}-input-files.xcfilelist",
			);
			name = "[CP] Embed Pods Frameworks";
			outputFileListPaths = (
				"${PODS_ROOT}/Target Support Files/Pods-Task_2.9.1/Pods-Task_2.9.1-frameworks-${CONFIGURATION}-output-files.xcfilelist",
			);
			runOnlyForDeploymentPostprocessing = 0;
			shellPath = /bin/sh;
			shellScript = "\"${PODS_ROOT}/Target Support Files/Pods-Task_2.9.1/Pods-Task_2.9.1-frameworks.sh\"\n";
			showEnvVarsInLog = 0;
		};
/* End PBXShellScriptBuildPhase section */

/* Begin PBXSourcesBuildPhase section */
		1B924D0B274E35EE0063D3A3 /* Sources */ = {
			isa = PBXSourcesBuildPhase;
			buildActionMask = 2147483647;
			files = (
				1B924D32274E44060063D3A3 /* AnimationModel.swift in Sources */,
				1B924D17274E35EE0063D3A3 /* AnimationViewController.swift in Sources */,
				1B924D13274E35EE0063D3A3 /* AppDelegate.swift in Sources */,
				1B924D15274E35EE0063D3A3 /* SceneDelegate.swift in Sources */,
			);
			runOnlyForDeploymentPostprocessing = 0;
		};
/* End PBXSourcesBuildPhase section */

/* Begin PBXVariantGroup section */
		1B924D18274E35EE0063D3A3 /* Main.storyboard */ = {
			isa = PBXVariantGroup;
			children = (
				1B924D19274E35EE0063D3A3 /* Base */,
			);
			name = Main.storyboard;
			sourceTree = "<group>";
		};
		1B924D1D274E35EF0063D3A3 /* LaunchScreen.storyboard */ = {
			isa = PBXVariantGroup;
			children = (
				1B924D1E274E35EF0063D3A3 /* Base */,
			);
			name = LaunchScreen.storyboard;
			sourceTree = "<group>";
		};
/* End PBXVariantGroup section */

/* Begin XCBuildConfiguration section */
		1B924D21274E35EF0063D3A3 /* Debug */ = {
			isa = XCBuildConfiguration;
			buildSettings = {
				ALWAYS_SEARCH_USER_PATHS = NO;
				CLANG_ANALYZER_NONNULL = YES;
				CLANG_ANALYZER_NUMBER_OBJECT_CONVERSION = YES_AGGRESSIVE;
				CLANG_CXX_LANGUAGE_STANDARD = "gnu++17";
				CLANG_CXX_LIBRARY = "libc++";
				CLANG_ENABLE_MODULES = YES;
				CLANG_ENABLE_OBJC_ARC = YES;
				CLANG_ENABLE_OBJC_WEAK = YES;
				CLANG_WARN_BLOCK_CAPTURE_AUTORELEASING = YES;
				CLANG_WARN_BOOL_CONVERSION = YES;
				CLANG_WARN_COMMA = YES;
				CLANG_WARN_CONSTANT_CONVERSION = YES;
				CLANG_WARN_DEPRECATED_OBJC_IMPLEMENTATIONS = YES;
				CLANG_WARN_DIRECT_OBJC_ISA_USAGE = YES_ERROR;
				CLANG_WARN_DOCUMENTATION_COMMENTS = YES;
				CLANG_WARN_EMPTY_BODY = YES;
				CLANG_WARN_ENUM_CONVERSION = YES;
				CLANG_WARN_INFINITE_RECURSION = YES;
				CLANG_WARN_INT_CONVERSION = YES;
				CLANG_WARN_NON_LITERAL_NULL_CONVERSION = YES;
				CLANG_WARN_OBJC_IMPLICIT_RETAIN_SELF = YES;
				CLANG_WARN_OBJC_LITERAL_CONVERSION = YES;
				CLANG_WARN_OBJC_ROOT_CLASS = YES_ERROR;
				CLANG_WARN_QUOTED_INCLUDE_IN_FRAMEWORK_HEADER = YES;
				CLANG_WARN_RANGE_LOOP_ANALYSIS = YES;
				CLANG_WARN_STRICT_PROTOTYPES = YES;
				CLANG_WARN_SUSPICIOUS_MOVE = YES;
				CLANG_WARN_UNGUARDED_AVAILABILITY = YES_AGGRESSIVE;
				CLANG_WARN_UNREACHABLE_CODE = YES;
				CLANG_WARN__DUPLICATE_METHOD_MATCH = YES;
				COPY_PHASE_STRIP = NO;
				DEBUG_INFORMATION_FORMAT = dwarf;
				ENABLE_STRICT_OBJC_MSGSEND = YES;
				ENABLE_TESTABILITY = YES;
				GCC_C_LANGUAGE_STANDARD = gnu11;
				GCC_DYNAMIC_NO_PIC = NO;
				GCC_NO_COMMON_BLOCKS = YES;
				GCC_OPTIMIZATION_LEVEL = 0;
				GCC_PREPROCESSOR_DEFINITIONS = (
					"DEBUG=1",
					"$(inherited)",
				);
				GCC_WARN_64_TO_32_BIT_CONVERSION = YES;
				GCC_WARN_ABOUT_RETURN_TYPE = YES_ERROR;
				GCC_WARN_UNDECLARED_SELECTOR = YES;
				GCC_WARN_UNINITIALIZED_AUTOS = YES_AGGRESSIVE;
				GCC_WARN_UNUSED_FUNCTION = YES;
				GCC_WARN_UNUSED_VARIABLE = YES;
				IPHONEOS_DEPLOYMENT_TARGET = 15.0;
				MTL_ENABLE_DEBUG_INFO = INCLUDE_SOURCE;
				MTL_FAST_MATH = YES;
				ONLY_ACTIVE_ARCH = YES;
				SDKROOT = iphoneos;
				SWIFT_ACTIVE_COMPILATION_CONDITIONS = DEBUG;
				SWIFT_OPTIMIZATION_LEVEL = "-Onone";
			};
			name = Debug;
		};
		1B924D22274E35EF0063D3A3 /* Release */ = {
			isa = XCBuildConfiguration;
			buildSettings = {
				ALWAYS_SEARCH_USER_PATHS = NO;
				CLANG_ANALYZER_NONNULL = YES;
				CLANG_ANALYZER_NUMBER_OBJECT_CONVERSION = YES_AGGRESSIVE;
				CLANG_CXX_LANGUAGE_STANDARD = "gnu++17";
				CLANG_CXX_LIBRARY = "libc++";
				CLANG_ENABLE_MODULES = YES;
				CLANG_ENABLE_OBJC_ARC = YES;
				CLANG_ENABLE_OBJC_WEAK = YES;
				CLANG_WARN_BLOCK_CAPTURE_AUTORELEASING = YES;
				CLANG_WARN_BOOL_CONVERSION = YES;
				CLANG_WARN_COMMA = YES;
				CLANG_WARN_CONSTANT_CONVERSION = YES;
				CLANG_WARN_DEPRECATED_OBJC_IMPLEMENTATIONS = YES;
				CLANG_WARN_DIRECT_OBJC_ISA_USAGE = YES_ERROR;
				CLANG_WARN_DOCUMENTATION_COMMENTS = YES;
				CLANG_WARN_EMPTY_BODY = YES;
				CLANG_WARN_ENUM_CONVERSION = YES;
				CLANG_WARN_INFINITE_RECURSION = YES;
				CLANG_WARN_INT_CONVERSION = YES;
				CLANG_WARN_NON_LITERAL_NULL_CONVERSION = YES;
				CLANG_WARN_OBJC_IMPLICIT_RETAIN_SELF = YES;
				CLANG_WARN_OBJC_LITERAL_CONVERSION = YES;
				CLANG_WARN_OBJC_ROOT_CLASS = YES_ERROR;
				CLANG_WARN_QUOTED_INCLUDE_IN_FRAMEWORK_HEADER = YES;
				CLANG_WARN_RANGE_LOOP_ANALYSIS = YES;
				CLANG_WARN_STRICT_PROTOTYPES = YES;
				CLANG_WARN_SUSPICIOUS_MOVE = YES;
				CLANG_WARN_UNGUARDED_AVAILABILITY = YES_AGGRESSIVE;
				CLANG_WARN_UNREACHABLE_CODE = YES;
				CLANG_WARN__DUPLICATE_METHOD_MATCH = YES;
				COPY_PHASE_STRIP = NO;
				DEBUG_INFORMATION_FORMAT = "dwarf-with-dsym";
				ENABLE_NS_ASSERTIONS = NO;
				ENABLE_STRICT_OBJC_MSGSEND = YES;
				GCC_C_LANGUAGE_STANDARD = gnu11;
				GCC_NO_COMMON_BLOCKS = YES;
				GCC_WARN_64_TO_32_BIT_CONVERSION = YES;
				GCC_WARN_ABOUT_RETURN_TYPE = YES_ERROR;
				GCC_WARN_UNDECLARED_SELECTOR = YES;
				GCC_WARN_UNINITIALIZED_AUTOS = YES_AGGRESSIVE;
				GCC_WARN_UNUSED_FUNCTION = YES;
				GCC_WARN_UNUSED_VARIABLE = YES;
				IPHONEOS_DEPLOYMENT_TARGET = 15.0;
				MTL_ENABLE_DEBUG_INFO = NO;
				MTL_FAST_MATH = YES;
				SDKROOT = iphoneos;
				SWIFT_COMPILATION_MODE = wholemodule;
				SWIFT_OPTIMIZATION_LEVEL = "-O";
				VALIDATE_PRODUCT = YES;
			};
			name = Release;
		};
		1B924D24274E35EF0063D3A3 /* Debug */ = {
			isa = XCBuildConfiguration;
			baseConfigurationReference = E4F570185D999BA76E155564 /* Pods-Task_2.9.1.debug.xcconfig */;
			buildSettings = {
				ASSETCATALOG_COMPILER_APPICON_NAME = AppIcon;
				ASSETCATALOG_COMPILER_GLOBAL_ACCENT_COLOR_NAME = AccentColor;
				CODE_SIGN_STYLE = Automatic;
				CURRENT_PROJECT_VERSION = 1;
				DEVELOPMENT_TEAM = YU7DP9Q269;
				GENERATE_INFOPLIST_FILE = YES;
				INFOPLIST_FILE = Task_2.9.1/App/Info.plist;
				INFOPLIST_KEY_UIApplicationSupportsIndirectInputEvents = YES;
				INFOPLIST_KEY_UILaunchStoryboardName = LaunchScreen;
				INFOPLIST_KEY_UIMainStoryboardFile = Main;
				INFOPLIST_KEY_UISupportedInterfaceOrientations_iPad = "UIInterfaceOrientationPortrait UIInterfaceOrientationPortraitUpsideDown UIInterfaceOrientationLandscapeLeft UIInterfaceOrientationLandscapeRight";
				INFOPLIST_KEY_UISupportedInterfaceOrientations_iPhone = UIInterfaceOrientationPortrait;
				LD_RUNPATH_SEARCH_PATHS = (
					"$(inherited)",
					"@executable_path/Frameworks",
				);
				MARKETING_VERSION = 1.0;
				PRODUCT_BUNDLE_IDENTIFIER = "Private.Task-2-9-1";
				PRODUCT_NAME = "$(TARGET_NAME)";
				SWIFT_EMIT_LOC_STRINGS = YES;
				SWIFT_VERSION = 5.0;
				TARGETED_DEVICE_FAMILY = 1;
			};
			name = Debug;
		};
		1B924D25274E35EF0063D3A3 /* Release */ = {
			isa = XCBuildConfiguration;
			baseConfigurationReference = 5526DD49E6452E4F28C82CCD /* Pods-Task_2.9.1.release.xcconfig */;
			buildSettings = {
				ASSETCATALOG_COMPILER_APPICON_NAME = AppIcon;
				ASSETCATALOG_COMPILER_GLOBAL_ACCENT_COLOR_NAME = AccentColor;
				CODE_SIGN_STYLE = Automatic;
				CURRENT_PROJECT_VERSION = 1;
				DEVELOPMENT_TEAM = YU7DP9Q269;
				GENERATE_INFOPLIST_FILE = YES;
				INFOPLIST_FILE = Task_2.9.1/App/Info.plist;
				INFOPLIST_KEY_UIApplicationSupportsIndirectInputEvents = YES;
				INFOPLIST_KEY_UILaunchStoryboardName = LaunchScreen;
				INFOPLIST_KEY_UIMainStoryboardFile = Main;
				INFOPLIST_KEY_UISupportedInterfaceOrientations_iPad = "UIInterfaceOrientationPortrait UIInterfaceOrientationPortraitUpsideDown UIInterfaceOrientationLandscapeLeft UIInterfaceOrientationLandscapeRight";
				INFOPLIST_KEY_UISupportedInterfaceOrientations_iPhone = UIInterfaceOrientationPortrait;
				LD_RUNPATH_SEARCH_PATHS = (
					"$(inherited)",
					"@executable_path/Frameworks",
				);
				MARKETING_VERSION = 1.0;
				PRODUCT_BUNDLE_IDENTIFIER = "Private.Task-2-9-1";
				PRODUCT_NAME = "$(TARGET_NAME)";
				SWIFT_EMIT_LOC_STRINGS = YES;
				SWIFT_VERSION = 5.0;
				TARGETED_DEVICE_FAMILY = 1;
			};
			name = Release;
		};
/* End XCBuildConfiguration section */

/* Begin XCConfigurationList section */
		1B924D0A274E35EE0063D3A3 /* Build configuration list for PBXProject "Task_2.9.1" */ = {
			isa = XCConfigurationList;
			buildConfigurations = (
				1B924D21274E35EF0063D3A3 /* Debug */,
				1B924D22274E35EF0063D3A3 /* Release */,
			);
			defaultConfigurationIsVisible = 0;
			defaultConfigurationName = Release;
		};
		1B924D23274E35EF0063D3A3 /* Build configuration list for PBXNativeTarget "Task_2.9.1" */ = {
			isa = XCConfigurationList;
			buildConfigurations = (
				1B924D24274E35EF0063D3A3 /* Debug */,
				1B924D25274E35EF0063D3A3 /* Release */,
			);
			defaultConfigurationIsVisible = 0;
			defaultConfigurationName = Release;
		};
/* End XCConfigurationList section */
	};
	rootObject = 1B924D07274E35EE0063D3A3 /* Project object */;
}
